
Microsoft Visual Studio Solution File, Format Version 12.00
# Visual Studio Version 17
VisualStudioVersion = 17.4.33205.214
MinimumVisualStudioVersion = 10.0.40219.1
Project("{FAE04EC0-301F-11D3-BF4B-00C04F79EFBC}") = "WienerOsiguranje", "WienerOsiguranje.csproj", "{9EC3432D-D0E9-430F-8B2F-8865C2079F7A}"
EndProject
Global
	GlobalSection(SolutionConfigurationPlatforms) = preSolution
		Debug|Any CPU = Debug|Any CPU
		Release|Any CPU = Release|Any CPU
	EndGlobalSection
	GlobalSection(ProjectConfigurationPlatforms) = postSolution
		{9EC3432D-D0E9-430F-8B2F-8865C2079F7A}.Debug|Any CPU.ActiveCfg = Debug|Any CPU
		{9EC3432D-D0E9-430F-8B2F-8865C2079F7A}.Debug|Any CPU.Build.0 = Debug|Any CPU
		{9EC3432D-D0E9-430F-8B2F-8865C2079F7A}.Release|Any CPU.ActiveCfg = Release|Any CPU
		{9EC3432D-D0E9-430F-8B2F-8865C2079F7A}.Release|Any CPU.Build.0 = Release|Any CPU
	EndGlobalSection
	GlobalSection(SolutionProperties) = preSolution
		HideSolutionNode = FALSE
	EndGlobalSection
	GlobalSection(ExtensibilityGlobals) = postSolution
		SolutionGuid = {BD1BBE7A-91E6-4CE7-9CDB-9E7601C84483}
	EndGlobalSection
EndGlobal
